
Microsoft Visual Studio Solution File, Format Version 12.00
# Visual Studio Version 17
VisualStudioVersion = 17.4.33205.214
MinimumVisualStudioVersion = 10.0.40219.1
Project("{FAE04EC0-301F-11D3-BF4B-00C04F79EFBC}") = "Prova", "Prova\Prova.csproj", "{50BC9335-3267-46DC-B1D4-0F1456438CC1}"
EndProject
Global
	GlobalSection(SolutionConfigurationPlatforms) = preSolution
		Debug|Any CPU = Debug|Any CPU
		Release|Any CPU = Release|Any CPU
	EndGlobalSection
	GlobalSection(ProjectConfigurationPlatforms) = postSolution
		{50BC9335-3267-46DC-B1D4-0F1456438CC1}.Debug|Any CPU.ActiveCfg = Debug|Any CPU
		{50BC9335-3267-46DC-B1D4-0F1456438CC1}.Debug|Any CPU.Build.0 = Debug|Any CPU
		{50BC9335-3267-46DC-B1D4-0F1456438CC1}.Release|Any CPU.ActiveCfg = Release|Any CPU
		{50BC9335-3267-46DC-B1D4-0F1456438CC1}.Release|Any CPU.Build.0 = Release|Any CPU
	EndGlobalSection
	GlobalSection(SolutionProperties) = preSolution
		HideSolutionNode = FALSE
	EndGlobalSection
	GlobalSection(ExtensibilityGlobals) = postSolution
		SolutionGuid = {D4CDFF35-BBE4-440A-A6B5-AAB375FC81F3}
	EndGlobalSection
EndGlobal
